version = 1
requires-python = ">=3.12"

[[package]]
name = "gtnh-toolkit"
version = "0.1.0"
source = { virtual = "." }
dependencies = [
    { name = "pyomo" },
]

[package.metadata]
requires-dist = [{ name = "pyomo", specifier = ">=6.8.2" }]

[[package]]
name = "ply"
version = "3.11"
source = { registry = "https://pypi.org/simple" }
sdist = { url = "https://files.pythonhosted.org/packages/e5/69/882ee5c9d017149285cab114ebeab373308ef0f874fcdac9beb90e0ac4da/ply-3.11.tar.gz", hash = "sha256:00c7c1aaa88358b9c765b6d3000c6eec0ba42abca5351b095321aef446081da3", size = 159130 }
wheels = [
    { url = "https://files.pythonhosted.org/packages/a3/58/35da89ee790598a0700ea49b2a66594140f44dec458c07e8e3d4979137fc/ply-3.11-py2.py3-none-any.whl", hash = "sha256:096f9b8350b65ebd2fd1346b12452efe5b9607f7482813ffca50c22722a807ce", size = 49567 },
]

[[package]]
name = "pyomo"
version = "6.8.2"
source = { registry = "https://pypi.org/simple" }
dependencies = [
    { name = "ply" },
]
sdist = { url = "https://files.pythonhosted.org/packages/c8/bf/29450fb25c87e7f37815190805e8f7af57ef259f6721bfed51ee547b5b44/Pyomo-6.8.2.tar.gz", hash = "sha256:40d8f7b216ad1602bb254f4296591608dd94fe2c961dc1e63ca6b84fb397bed6", size = 2877062 }
wheels = [
    { url = "https://files.pythonhosted.org/packages/78/c0/6c424e04e84bfd46626cf2f775f6e87ffeb9d55eb88b989eda7629b71e36/Pyomo-6.8.2-cp312-cp312-macosx_10_13_x86_64.whl", hash = "sha256:cd6dba83c33eb77320caaf6379b5e3149e670120b352d114a4c8508981f4eddf", size = 4055037 },
    { url = "https://files.pythonhosted.org/packages/12/16/d7c048eb7ddabd195f0e4e058df01b17f970aa4cdcd5680883accd6fed30/Pyomo-6.8.2-cp312-cp312-macosx_11_0_arm64.whl", hash = "sha256:c91aa84c46deb1af8b802dfb35e4de0b8bb322e7bf0daf7c82b8430d512cbc98", size = 4045839 },
    { url = "https://files.pythonhosted.org/packages/23/01/8568d8729f2c85769b7ccd5c42c9d9d327995d7b1890da550c5936537364/Pyomo-6.8.2-cp312-cp312-manylinux_2_17_aarch64.manylinux2014_aarch64.whl", hash = "sha256:bad42b369b08c0181af54e57db74e23f9e58e18be23aa0881fac5be8e2149e32", size = 4108161 },
    { url = "https://files.pythonhosted.org/packages/53/a6/db16eb1dd9e3b80230c213106f6e2f072ca5c014f36cfc5316a9c9e9415d/Pyomo-6.8.2-cp312-cp312-manylinux_2_17_x86_64.manylinux2014_x86_64.whl", hash = "sha256:35a6956b6128106366fd8f0ed86987289d962eaf084517e25419f1c6dec4f8a5", size = 4129490 },
    { url = "https://files.pythonhosted.org/packages/95/f4/bd0986adc18c102033eaf63397ee3cae31f7d931c992a7cf75591688806a/Pyomo-6.8.2-cp313-cp313-macosx_10_13_x86_64.whl", hash = "sha256:462f304ce6ab44b9a1574d3c925199211568e59ea1aa05c5278aa67c6f56dd01", size = 4055222 },
    { url = "https://files.pythonhosted.org/packages/df/cc/0af155f416834d9def8afb0715c8addb43115eaece8fdaf8ca07c9c7f0f7/Pyomo-6.8.2-cp313-cp313-macosx_11_0_arm64.whl", hash = "sha256:2d3ad704366f6b41e96efdf0a5ce42bfe97aa17b4fed4fda3d265651d04cee2e", size = 4046024 },
    { url = "https://files.pythonhosted.org/packages/f0/62/8b181a52f8d70740391bd8af6a111cd7053c44b05e94d0498a0f519d2c90/Pyomo-6.8.2-cp313-cp313-manylinux_2_17_aarch64.manylinux2014_aarch64.whl", hash = "sha256:54cabaa006d8743ebbefc7138fd036c3e0bbee793273e6847a363f248947a613", size = 4108054 },
    { url = "https://files.pythonhosted.org/packages/7a/83/81fb8691660580c13437e0e453746e0d09af7aa34373ba8640ad7f9b6c8e/Pyomo-6.8.2-cp313-cp313-manylinux_2_17_x86_64.manylinux2014_x86_64.whl", hash = "sha256:dd58d5d52e054e51fed1d5ff1937fb65fe77c8dad2d6b8b6a74c622c2eae0508", size = 4129544 },
    { url = "https://files.pythonhosted.org/packages/1e/d9/d4ae90087a1143d9e4889973b248f958440856f27469836a11ca66cc1500/Pyomo-6.8.2-py3-none-any.whl", hash = "sha256:7ea0790289da22964d1c2b37ca9eafda55373c84755db4c52c08fad5cde4ccd8", size = 3721249 },
]
